
Microsoft Visual Studio Solution File, Format Version 12.00
# Visual Studio Version 16
VisualStudioVersion = 16.0.31112.23
MinimumVisualStudioVersion = 10.0.40219.1
Project("{FAE04EC0-301F-11D3-BF4B-00C04F79EFBC}") = "deneme11c", "deneme11c\deneme11c.csproj", "{B525BB84-1B4C-459F-BF71-04FE2E48C48E}"
EndProject
Global
	GlobalSection(SolutionConfigurationPlatforms) = preSolution
		Debug|Any CPU = Debug|Any CPU
		Release|Any CPU = Release|Any CPU
	EndGlobalSection
	GlobalSection(ProjectConfigurationPlatforms) = postSolution
		{B525BB84-1B4C-459F-BF71-04FE2E48C48E}.Debug|Any CPU.ActiveCfg = Debug|Any CPU
		{B525BB84-1B4C-459F-BF71-04FE2E48C48E}.Debug|Any CPU.Build.0 = Debug|Any CPU
		{B525BB84-1B4C-459F-BF71-04FE2E48C48E}.Release|Any CPU.ActiveCfg = Release|Any CPU
		{B525BB84-1B4C-459F-BF71-04FE2E48C48E}.Release|Any CPU.Build.0 = Release|Any CPU
	EndGlobalSection
	GlobalSection(SolutionProperties) = preSolution
		HideSolutionNode = FALSE
	EndGlobalSection
	GlobalSection(ExtensibilityGlobals) = postSolution
		SolutionGuid = {686E00FF-C58D-49AB-996D-891A66D03ACE}
	EndGlobalSection
EndGlobal
